<?xml version="1.0" encoding="utf-8"?>
<Project ToolsVersion="4.0" xmlns="http://schemas.microsoft.com/developer/msbuild/2003">
  <ItemGroup>
    <Filter Include="Source Files">
      <UniqueIdentifier>{4FC737F1-C7A5-4376-A066-2A32D752A2FF}</UniqueIdentifier>
      <Extensions>cpp;c;cc;cxx;def;odl;idl;hpj;bat;asm;asmx</Extensions>
    </Filter>
    <Filter Include="Header Files">
      <UniqueIdentifier>{93995380-89BD-4b04-88EB-625FBE52EBFB}</UniqueIdentifier>
      <Extensions>h;hh;hpp;hxx;hm;inl;inc;xsd</Extensions>
    </Filter>
    <Filter Include="Resource Files">
      <UniqueIdentifier>{67DA6AB6-F800-4c08-8B7A-83BB121AAD01}</UniqueIdentifier>
      <Extensions>rc;ico;cur;bmp;dlg;rc2;rct;bin;rgs;gif;jpg;jpeg;jpe;resx;tiff;tif;png;wav</Extensions>
    </Filter>
  </ItemGroup>
  <ItemGroup>
    <ClCompile Include="unreal\plugins\colosseum\source\ColosseumBlueprintLib.cpp">
      <Filter>Source Files</Filter>
    </ClCompile>
    <ClCompile Include="unreal\plugins\colosseum\source\Colosseum.cpp">
      <Filter>Source Files</Filter>
    </ClCompile>
    <ClCompile Include="unreal\plugins\colosseum\source\ColosseumGameMode.cpp">
      <Filter>Source Files</Filter>
    </ClCompile>
    <ClCompile Include="unreal\plugins\colosseum\source\CameraDirector.cpp">
      <Filter>Source Files</Filter>
    </ClCompile>
    <ClCompile Include="unreal\plugins\colosseum\source\ManualPoseController.cpp">
      <Filter>Source Files</Filter>
    </ClCompile>
    <ClCompile Include="unreal\plugins\colosseum\source\NedTransform.cpp">
      <Filter>Source Files</Filter>
    </ClCompile>
    <ClCompile Include="unreal\plugins\colosseum\source\PIPCamera.cpp">
      <Filter>Source Files</Filter>
    </ClCompile>
    <ClCompile Include="unreal\plugins\colosseum\source\RenderRequest.cpp">
      <Filter>Source Files</Filter>
    </ClCompile>
    <ClCompile Include="unreal\plugins\colosseum\source\VehicleCameraConnector.cpp">
      <Filter>Source Files</Filter>
    </ClCompile>
    <ClCompile Include="unreal\plugins\colosseum\source\car\CarPawn.cpp">
      <Filter>Source Files</Filter>
    </ClCompile>
    <ClCompile Include="unreal\plugins\colosseum\source\car\CarWheelFront.cpp">
      <Filter>Source Files</Filter>
    </ClCompile>
    <ClCompile Include="unreal\plugins\colosseum\source\car\CarWheelRear.cpp">
      <Filter>Source Files</Filter>
    </ClCompile>
    <ClCompile Include="unreal\plugins\colosseum\source\car\SimModeCar.cpp">
      <Filter>Source Files</Filter>
    </ClCompile>
    <ClCompile Include="unreal\plugins\colosseum\source\multirotor\FlyingPawn.cpp">
      <Filter>Source Files</Filter>
    </ClCompile>
    <ClCompile Include="unreal\plugins\colosseum\source\recording\RecordingFile.cpp">
      <Filter>Source Files</Filter>
    </ClCompile>
    <ClCompile Include="unreal\plugins\colosseum\source\recording\RecordingThread.cpp">
      <Filter>Source Files</Filter>
    </ClCompile>
    <ClCompile Include="unreal\plugins\colosseum\source\simhud\SimHUD.cpp">
      <Filter>Source Files</Filter>
    </ClCompile>
    <ClCompile Include="unreal\plugins\colosseum\source\simhud\SimHUDWidget.cpp">
      <Filter>Source Files</Filter>
    </ClCompile>
    <ClCompile Include="unreal\plugins\colosseum\source\simjoystick\DirectInputJoyStick.cpp">
      <Filter>Source Files</Filter>
    </ClCompile>
    <ClCompile Include="unreal\plugins\colosseum\source\simjoystick\SimJoyStick.cpp">
      <Filter>Source Files</Filter>
    </ClCompile>
    <ClCompile Include="unreal\plugins\colosseum\source\simmode\SimModeBase.cpp">
      <Filter>Source Files</Filter>
    </ClCompile>
    <ClCompile Include="unreal\plugins\colosseum\source\simmode\SimModeWorldBase.cpp">
      <Filter>Source Files</Filter>
    </ClCompile>
    <ClCompile Include="Unreal\Plugins\Colosseum\Source\UnrealImageCapture.cpp">
      <Filter>Source Files</Filter>
    </ClCompile>
    <ClCompile Include="Unreal\Plugins\Colosseum\Source\VehicleSimApi.cpp">
      <Filter>Source Files</Filter>
    </ClCompile>
    <ClCompile Include="Unreal\Plugins\Colosseum\Source\WorldSimApi.cpp">
      <Filter>Source Files</Filter>
    </ClCompile>
    <ClCompile Include="Unreal\Plugins\Colosseum\Source\UnrealSensors\UnrealDistanceSensor.cpp">
      <Filter>Source Files</Filter>
    </ClCompile>
    <ClCompile Include="Unreal\Plugins\Colosseum\Source\UnrealSensors\UnrealSensorFactory.cpp">
      <Filter>Source Files</Filter>
    </ClCompile>
    <ClCompile Include="Unreal\Plugins\Colosseum\Source\Multirotor\MultirotorSimApi.cpp">
      <Filter>Source Files</Filter>
    </ClCompile>
    <ClCompile Include="Unreal\Plugins\Colosseum\Source\Multirotor\SimModeWorldMultirotor.cpp">
      <Filter>Source Files</Filter>
    </ClCompile>
    <ClCompile Include="Unreal\Plugins\Colosseum\Source\Weather\WeatherLib.cpp">
      <Filter>Source Files</Filter>
    </ClCompile>
    <ClCompile Include="Unreal\Plugins\Colosseum\Source\UnrealSensors\UnrealLidarSensor.cpp">
      <Filter>Source Files</Filter>
    </ClCompile>
    <ClCompile Include="Unreal\Plugins\Colosseum\Source\TextureShuffleActor.cpp">
      <Filter>Source Files</Filter>
    </ClCompile>
  </ItemGroup>
  <ItemGroup>
    <ClInclude Include="unreal\plugins\colosseum\source\ColosseumBlueprintLib.h">
      <Filter>Header Files</Filter>
    </ClInclude>
    <ClInclude Include="unreal\plugins\colosseum\source\Colosseum.h">
      <Filter>Header Files</Filter>
    </ClInclude>
    <ClInclude Include="unreal\plugins\colosseum\source\ColosseumGameMode.h">
      <Filter>Header Files</Filter>
    </ClInclude>
    <ClInclude Include="unreal\plugins\colosseum\source\ColosseumCameraDirector.h">
      <Filter>Header Files</Filter>
    </ClInclude>
    <ClInclude Include="unreal\plugins\colosseum\source\ManualPoseController.h">
      <Filter>Header Files</Filter>
    </ClInclude>
    <ClInclude Include="unreal\plugins\colosseum\source\NedTransform.h">
      <Filter>Header Files</Filter>
    </ClInclude>
    <ClInclude Include="unreal\plugins\colosseum\source\PIPCamera.h">
      <Filter>Header Files</Filter>
    </ClInclude>
    <ClInclude Include="unreal\plugins\colosseum\source\RenderRequest.h">
      <Filter>Header Files</Filter>
    </ClInclude>
    <ClInclude Include="unreal\plugins\colosseum\source\VehicleCameraConnector.h">
      <Filter>Header Files</Filter>
    </ClInclude>
    <ClInclude Include="unreal\plugins\colosseum\source\VehiclePawnWrapper.h">
      <Filter>Header Files</Filter>
    </ClInclude>
    <ClInclude Include="unreal\plugins\colosseum\source\car\CarPawn.h">
      <Filter>Header Files</Filter>
    </ClInclude>
    <ClInclude Include="unreal\plugins\colosseum\source\car\CarWheelFront.h">
      <Filter>Header Files</Filter>
    </ClInclude>
    <ClInclude Include="unreal\plugins\colosseum\source\car\CarWheelRear.h">
      <Filter>Header Files</Filter>
    </ClInclude>
    <ClInclude Include="unreal\plugins\colosseum\source\car\SimModeCar.h">
      <Filter>Header Files</Filter>
    </ClInclude>
    <ClInclude Include="unreal\plugins\colosseum\source\multirotor\FlyingPawn.h">
      <Filter>Header Files</Filter>
    </ClInclude>
    <ClInclude Include="unreal\plugins\colosseum\source\multirotor\MultiRotorConnector.h">
      <Filter>Header Files</Filter>
    </ClInclude>
    <ClInclude Include="unreal\plugins\colosseum\source\multirotor\SimModeWorldMultiRotor.h">
      <Filter>Header Files</Filter>
    </ClInclude>
    <ClInclude Include="unreal\plugins\colosseum\source\recording\RecordingFile.h">
      <Filter>Header Files</Filter>
    </ClInclude>
    <ClInclude Include="unreal\plugins\colosseum\source\recording\RecordingThread.h">
      <Filter>Header Files</Filter>
    </ClInclude>
    <ClInclude Include="unreal\plugins\colosseum\source\simhud\SimHUD.h">
      <Filter>Header Files</Filter>
    </ClInclude>
    <ClInclude Include="unreal\plugins\colosseum\source\simhud\SimHUDWidget.h">
      <Filter>Header Files</Filter>
    </ClInclude>
    <ClInclude Include="unreal\plugins\colosseum\source\simjoystick\DirectInputJoystick.h">
      <Filter>Header Files</Filter>
    </ClInclude>
    <ClInclude Include="unreal\plugins\colosseum\source\simjoystick\SimJoyStick.h">
      <Filter>Header Files</Filter>
    </ClInclude>
    <ClInclude Include="unreal\plugins\colosseum\source\simmode\SimModeBase.h">
      <Filter>Header Files</Filter>
    </ClInclude>
    <ClInclude Include="unreal\plugins\colosseum\source\simmode\SimModeWorldBase.h">
      <Filter>Header Files</Filter>
    </ClInclude>
    <ClInclude Include="Unreal\Plugins\Colosseum\Source\UnrealImageCapture.h">
      <Filter>Source Files</Filter>
    </ClInclude>
    <ClInclude Include="Unreal\Plugins\Colosseum\Source\VehicleSimApi.h">
      <Filter>Source Files</Filter>
    </ClInclude>
    <ClInclude Include="Unreal\Plugins\Colosseum\Source\WorldSimApi.h">
      <Filter>Source Files</Filter>
    </ClInclude>
    <ClInclude Include="Unreal\Plugins\Colosseum\Source\UnrealSensors\UnrealDistanceSensor.h">
      <Filter>Source Files</Filter>
    </ClInclude>
    <ClInclude Include="Unreal\Plugins\Colosseum\Source\UnrealSensors\UnrealSensorFactory.h">
      <Filter>Source Files</Filter>
    </ClInclude>
    <ClInclude Include="Unreal\Plugins\Colosseum\Source\Multirotor\MultirotorSimApi.h">
      <Filter>Source Files</Filter>
    </ClInclude>
    <ClInclude Include="Unreal\Plugins\Colosseum\Source\Weather\WeatherLib.h">
      <Filter>Source Files</Filter>
    </ClInclude>
    <ClInclude Include="Unreal\Plugins\Colosseum\Source\UnrealSensors\UnrealLidarSensor.h">
      <Filter>Source Files</Filter>
    </ClInclude>
  </ItemGroup>
  <ItemGroup>
    <None Include="Unreal\Plugins\Colosseum\Source\Colosseum.Build.4.15.cs">
      <Filter>Source Files</Filter>
    </None>
    <None Include="Unreal\Plugins\Colosseum\Source\Colosseum.Build.cs">
      <Filter>Source Files</Filter>
    </None>
  </ItemGroup>
</Project>